PODS:
  - Alamofire (5.0.0.beta.1)
  - FontAwesome.swift (1.4.8)

DEPENDENCIES:
  - Alamofire (~> 5.0.0.beta.1)
  - FontAwesome.swift

SPEC REPOS:
  https://github.com/cocoapods/specs.git:
    - Alamofire
    - FontAwesome.swift

SPEC CHECKSUMS:
  Alamofire: 2ef6d6c984c5d21c366e9b41a9ae7dfee2b67a44
  FontAwesome.swift: fb8637bffb9a588c7e8c753c084565b27b20a39d

PODFILE CHECKSUM: 506a28c330eeebe01a005d0b7d0c59be386a5b79

COCOAPODS: 1.5.3
